// !$*UTF8*$!
{
	archiveVersion = 1;
	classes = {
	};
	objectVersion = 55;
	objects = {

/* Begin PBXBuildFile section */
		3D7D74EB9A775815F371DFBB /* Pods_nft.framework in Frameworks */ = {isa = PBXBuildFile; fileRef = 646278BAC6C47E46C4B99245 /* Pods_nft.framework */; };
		46072995274C8F89001C1BC3 /* EditProfileViewController.swift in Sources */ = {isa = PBXBuildFile; fileRef = 46072994274C8F89001C1BC3 /* EditProfileViewController.swift */; };
		4615CECC277756D50024ACA6 /* MarketSaleViewController.swift in Sources */ = {isa = PBXBuildFile; fileRef = 4615CECB277756D50024ACA6 /* MarketSaleViewController.swift */; };
		461AF54B275B3498006D4563 /* Networking .swift in Sources */ = {isa = PBXBuildFile; fileRef = 461AF54A275B3498006D4563 /* Networking .swift */; };
		46297662275442AF00535877 /* SignInViewController.swift in Sources */ = {isa = PBXBuildFile; fileRef = 46297661275442AF00535877 /* SignInViewController.swift */; };
		466C708B2743939200054E16 /* stepsToUploadViewController.swift in Sources */ = {isa = PBXBuildFile; fileRef = 466C708A2743939200054E16 /* stepsToUploadViewController.swift */; };
		466C708D274397BC00054E16 /* connectWalletViewController.swift in Sources */ = {isa = PBXBuildFile; fileRef = 466C708C274397BC00054E16 /* connectWalletViewController.swift */; };
		466C708F2743997300054E16 /* scanQrViewController.swift in Sources */ = {isa = PBXBuildFile; fileRef = 466C708E2743997300054E16 /* scanQrViewController.swift */; };
		466C709127439B0500054E16 /* termsViewController.swift in Sources */ = {isa = PBXBuildFile; fileRef = 466C709027439B0500054E16 /* termsViewController.swift */; };
		466C709327439CC200054E16 /* faqViewController.swift in Sources */ = {isa = PBXBuildFile; fileRef = 466C709227439CC200054E16 /* faqViewController.swift */; };
		466C709627439F4200054E16 /* visitProfileViewController.swift in Sources */ = {isa = PBXBuildFile; fileRef = 466C709527439F4200054E16 /* visitProfileViewController.swift */; };
		466C70982743A23500054E16 /* activityViewController.swift in Sources */ = {isa = PBXBuildFile; fileRef = 466C70972743A23500054E16 /* activityViewController.swift */; };
		466C709A2743A4D700054E16 /* searchViewController.swift in Sources */ = {isa = PBXBuildFile; fileRef = 466C70992743A4D700054E16 /* searchViewController.swift */; };
		466C709C2743A72100054E16 /* noResultsViewController.swift in Sources */ = {isa = PBXBuildFile; fileRef = 466C709B2743A72100054E16 /* noResultsViewController.swift */; };
		466C709E2743A9B300054E16 /* notificationClickedViewController.swift in Sources */ = {isa = PBXBuildFile; fileRef = 466C709D2743A9B300054E16 /* notificationClickedViewController.swift */; };
		466C70A02743B3BF00054E16 /* Customer.swift in Sources */ = {isa = PBXBuildFile; fileRef = 466C709F2743B3BF00054E16 /* Customer.swift */; };
		466C70A22743B82000054E16 /* Account.swift in Sources */ = {isa = PBXBuildFile; fileRef = 466C70A12743B82000054E16 /* Account.swift */; };
		466C70A42743BC0300054E16 /* Payment.swift in Sources */ = {isa = PBXBuildFile; fileRef = 466C70A32743BC0300054E16 /* Payment.swift */; };
		466C70A62743BD7800054E16 /* Favorites.swift in Sources */ = {isa = PBXBuildFile; fileRef = 466C70A52743BD7800054E16 /* Favorites.swift */; };
		466C70A82743BE7B00054E16 /* Followers.swift in Sources */ = {isa = PBXBuildFile; fileRef = 466C70A72743BE7B00054E16 /* Followers.swift */; };
		466C70AA2743BF0400054E16 /* Likes.swift in Sources */ = {isa = PBXBuildFile; fileRef = 466C70A92743BF0400054E16 /* Likes.swift */; };
		466C70AE2743C07000054E16 /* Orders.swift in Sources */ = {isa = PBXBuildFile; fileRef = 466C70AD2743C07000054E16 /* Orders.swift */; };
		466C70B02743C21400054E16 /* Bids.swift in Sources */ = {isa = PBXBuildFile; fileRef = 466C70AF2743C21400054E16 /* Bids.swift */; };
		466C70B22743C64200054E16 /* Assets.swift in Sources */ = {isa = PBXBuildFile; fileRef = 466C70B12743C64200054E16 /* Assets.swift */; };
		466C70B42743C87E00054E16 /* CustomerBrain.swift in Sources */ = {isa = PBXBuildFile; fileRef = 466C70B32743C87E00054E16 /* CustomerBrain.swift */; };
		466C70B62743C92A00054E16 /* AccountBrain.swift in Sources */ = {isa = PBXBuildFile; fileRef = 466C70B52743C92A00054E16 /* AccountBrain.swift */; };
		466C70B82743CABE00054E16 /* PaymentBrain.swift in Sources */ = {isa = PBXBuildFile; fileRef = 466C70B72743CABE00054E16 /* PaymentBrain.swift */; };
		466C70BA2743CBCA00054E16 /* FavoritesBrain.swift in Sources */ = {isa = PBXBuildFile; fileRef = 466C70B92743CBCA00054E16 /* FavoritesBrain.swift */; };
		466C70BC2743CC6F00054E16 /* LikeBrain.swift in Sources */ = {isa = PBXBuildFile; fileRef = 466C70BB2743CC6F00054E16 /* LikeBrain.swift */; };
		466C70BE2743CCE100054E16 /* FollowerBrain.swift in Sources */ = {isa = PBXBuildFile; fileRef = 466C70BD2743CCE100054E16 /* FollowerBrain.swift */; };
		466C70C02743CD6E00054E16 /* OrdersBrain.swift in Sources */ = {isa = PBXBuildFile; fileRef = 466C70BF2743CD6E00054E16 /* OrdersBrain.swift */; };
		466C70C22743CE3000054E16 /* BidsBrain.swift in Sources */ = {isa = PBXBuildFile; fileRef = 466C70C12743CE3000054E16 /* BidsBrain.swift */; };
		466C70C42743CE9900054E16 /* AssetsBrain.swift in Sources */ = {isa = PBXBuildFile; fileRef = 466C70C32743CE9900054E16 /* AssetsBrain.swift */; };
		4671BA2527437D2000604D1D /* uploadItemViewController.swift in Sources */ = {isa = PBXBuildFile; fileRef = 4671BA2427437D2000604D1D /* uploadItemViewController.swift */; };
		4671BA282743896800604D1D /* addItemViewController.swift in Sources */ = {isa = PBXBuildFile; fileRef = 4671BA272743896800604D1D /* addItemViewController.swift */; };
		4671BA2A27438EAB00604D1D /* previewUploadedItemViewController.swift in Sources */ = {isa = PBXBuildFile; fileRef = 4671BA2927438EAB00604D1D /* previewUploadedItemViewController.swift */; };
		46932A50277ACFE100E19ED1 /* MintResponse.swift in Sources */ = {isa = PBXBuildFile; fileRef = 46932A4F277ACFE100E19ED1 /* MintResponse.swift */; };
		46932A52277B291F00E19ED1 /* MarketSaleResponse.swift in Sources */ = {isa = PBXBuildFile; fileRef = 46932A51277B291F00E19ED1 /* MarketSaleResponse.swift */; };
		46932A54277B4C5E00E19ED1 /* Balance.swift in Sources */ = {isa = PBXBuildFile; fileRef = 46932A53277B4C5E00E19ED1 /* Balance.swift */; };
		46C8E854275632D30042BFA7 /* ApiViewController.swift in Sources */ = {isa = PBXBuildFile; fileRef = 46C8E853275632D30042BFA7 /* ApiViewController.swift */; };
		46D9B29C277C8BDA00644C69 /* Meta.swift in Sources */ = {isa = PBXBuildFile; fileRef = 46D9B29B277C8BDA00644C69 /* Meta.swift */; };
		46DC966B274B14BD00ECB59C /* SignUpViewController.swift in Sources */ = {isa = PBXBuildFile; fileRef = 46DC966A274B14BD00ECB59C /* SignUpViewController.swift */; };
		46F1CFF2275F32FB001D552E /* HealthKit.framework in Frameworks */ = {isa = PBXBuildFile; fileRef = 46F1CFF1275F32FB001D552E /* HealthKit.framework */; };
		4F1F5D382731393C005F0177 /* AppDelegate.swift in Sources */ = {isa = PBXBuildFile; fileRef = 4F1F5D372731393C005F0177 /* AppDelegate.swift */; };
		4F1F5D3A2731393C005F0177 /* SceneDelegate.swift in Sources */ = {isa = PBXBuildFile; fileRef = 4F1F5D392731393C005F0177 /* SceneDelegate.swift */; };
		4F1F5D3C2731393C005F0177 /* ViewController.swift in Sources */ = {isa = PBXBuildFile; fileRef = 4F1F5D3B2731393C005F0177 /* ViewController.swift */; };
		4F1F5D3F2731393C005F0177 /* Main.storyboard in Resources */ = {isa = PBXBuildFile; fileRef = 4F1F5D3D2731393C005F0177 /* Main.storyboard */; };
		4F1F5D422731393C005F0177 /* nft.xcdatamodeld in Sources */ = {isa = PBXBuildFile; fileRef = 4F1F5D402731393C005F0177 /* nft.xcdatamodeld */; };
		4F1F5D442731393D005F0177 /* Assets.xcassets in Resources */ = {isa = PBXBuildFile; fileRef = 4F1F5D432731393D005F0177 /* Assets.xcassets */; };
		4F1F5D472731393D005F0177 /* LaunchScreen.storyboard in Resources */ = {isa = PBXBuildFile; fileRef = 4F1F5D452731393D005F0177 /* LaunchScreen.storyboard */; };
		4F1F5D522731393D005F0177 /* nftTests.swift in Sources */ = {isa = PBXBuildFile; fileRef = 4F1F5D512731393D005F0177 /* nftTests.swift */; };
		4F1F5D5C2731393D005F0177 /* nftUITests.swift in Sources */ = {isa = PBXBuildFile; fileRef = 4F1F5D5B2731393D005F0177 /* nftUITests.swift */; };
		4F1F5D5E2731393D005F0177 /* nftUITestsLaunchTests.swift in Sources */ = {isa = PBXBuildFile; fileRef = 4F1F5D5D2731393D005F0177 /* nftUITestsLaunchTests.swift */; };
		7B1C8CE74BA8D1A2CB46428E /* Pods_nftTests.framework in Frameworks */ = {isa = PBXBuildFile; fileRef = 350B27B1E271726BFAA18A62 /* Pods_nftTests.framework */; };
		8D89EB654E9D58426546811B /* Pods_nft_nftUITests.framework in Frameworks */ = {isa = PBXBuildFile; fileRef = F94B11839A6D6BCC25091B2A /* Pods_nft_nftUITests.framework */; };
/* End PBXBuildFile section */

/* Begin PBXContainerItemProxy section */
		4F1F5D4E2731393D005F0177 /* PBXContainerItemProxy */ = {
			isa = PBXContainerItemProxy;
			containerPortal = 4F1F5D2C2731393C005F0177 /* Project object */;
			proxyType = 1;
			remoteGlobalIDString = 4F1F5D332731393C005F0177;
			remoteInfo = nft;
		};
		4F1F5D582731393D005F0177 /* PBXContainerItemProxy */ = {
			isa = PBXContainerItemProxy;
			containerPortal = 4F1F5D2C2731393C005F0177 /* Project object */;
			proxyType = 1;
			remoteGlobalIDString = 4F1F5D332731393C005F0177;
			remoteInfo = nft;
		};
/* End PBXContainerItemProxy section */

/* Begin PBXFileReference section */
		00AB621690D4B724F264244A /* Pods-nft-nftUITests.release.xcconfig */ = {isa = PBXFileReference; includeInIndex = 1; lastKnownFileType = text.xcconfig; name = "Pods-nft-nftUITests.release.xcconfig"; path = "Target Support Files/Pods-nft-nftUITests/Pods-nft-nftUITests.release.xcconfig"; sourceTree = "<group>"; };
		28699C2D44F180CE14DED147 /* Pods-nft.release.xcconfig */ = {isa = PBXFileReference; includeInIndex = 1; lastKnownFileType = text.xcconfig; name = "Pods-nft.release.xcconfig"; path = "Target Support Files/Pods-nft/Pods-nft.release.xcconfig"; sourceTree = "<group>"; };
		350B27B1E271726BFAA18A62 /* Pods_nftTests.framework */ = {isa = PBXFileReference; explicitFileType = wrapper.framework; includeInIndex = 0; path = Pods_nftTests.framework; sourceTree = BUILT_PRODUCTS_DIR; };
		46072994274C8F89001C1BC3 /* EditProfileViewController.swift */ = {isa = PBXFileReference; lastKnownFileType = sourcecode.swift; path = EditProfileViewController.swift; sourceTree = "<group>"; };
		4615CECB277756D50024ACA6 /* MarketSaleViewController.swift */ = {isa = PBXFileReference; lastKnownFileType = sourcecode.swift; path = MarketSaleViewController.swift; sourceTree = "<group>"; };
		461AF54A275B3498006D4563 /* Networking .swift */ = {isa = PBXFileReference; lastKnownFileType = sourcecode.swift; path = "Networking .swift"; sourceTree = "<group>"; };
		46297661275442AF00535877 /* SignInViewController.swift */ = {isa = PBXFileReference; lastKnownFileType = sourcecode.swift; path = SignInViewController.swift; sourceTree = "<group>"; };
		466C708A2743939200054E16 /* stepsToUploadViewController.swift */ = {isa = PBXFileReference; lastKnownFileType = sourcecode.swift; path = stepsToUploadViewController.swift; sourceTree = "<group>"; };
		466C708C274397BC00054E16 /* connectWalletViewController.swift */ = {isa = PBXFileReference; lastKnownFileType = sourcecode.swift; path = connectWalletViewController.swift; sourceTree = "<group>"; };
		466C708E2743997300054E16 /* scanQrViewController.swift */ = {isa = PBXFileReference; lastKnownFileType = sourcecode.swift; path = scanQrViewController.swift; sourceTree = "<group>"; };
		466C709027439B0500054E16 /* termsViewController.swift */ = {isa = PBXFileReference; lastKnownFileType = sourcecode.swift; path = termsViewController.swift; sourceTree = "<group>"; };
		466C709227439CC200054E16 /* faqViewController.swift */ = {isa = PBXFileReference; lastKnownFileType = sourcecode.swift; path = faqViewController.swift; sourceTree = "<group>"; };
		466C709527439F4200054E16 /* visitProfileViewController.swift */ = {isa = PBXFileReference; lastKnownFileType = sourcecode.swift; path = visitProfileViewController.swift; sourceTree = "<group>"; };
		466C70972743A23500054E16 /* activityViewController.swift */ = {isa = PBXFileReference; lastKnownFileType = sourcecode.swift; path = activityViewController.swift; sourceTree = "<group>"; };
		466C70992743A4D700054E16 /* searchViewController.swift */ = {isa = PBXFileReference; lastKnownFileType = sourcecode.swift; path = searchViewController.swift; sourceTree = "<group>"; };
		466C709B2743A72100054E16 /* noResultsViewController.swift */ = {isa = PBXFileReference; lastKnownFileType = sourcecode.swift; path = noResultsViewController.swift; sourceTree = "<group>"; };
		466C709D2743A9B300054E16 /* notificationClickedViewController.swift */ = {isa = PBXFileReference; lastKnownFileType = sourcecode.swift; path = notificationClickedViewController.swift; sourceTree = "<group>"; };
		466C709F2743B3BF00054E16 /* Customer.swift */ = {isa = PBXFileReference; lastKnownFileType = sourcecode.swift; path = Customer.swift; sourceTree = "<group>"; };
		466C70A12743B82000054E16 /* Account.swift */ = {isa = PBXFileReference; lastKnownFileType = sourcecode.swift; path = Account.swift; sourceTree = "<group>"; };
		466C70A32743BC0300054E16 /* Payment.swift */ = {isa = PBXFileReference; lastKnownFileType = sourcecode.swift; path = Payment.swift; sourceTree = "<group>"; };
		466C70A52743BD7800054E16 /* Favorites.swift */ = {isa = PBXFileReference; lastKnownFileType = sourcecode.swift; path = Favorites.swift; sourceTree = "<group>"; };
		466C70A72743BE7B00054E16 /* Followers.swift */ = {isa = PBXFileReference; lastKnownFileType = sourcecode.swift; path = Followers.swift; sourceTree = "<group>"; };
		466C70A92743BF0400054E16 /* Likes.swift */ = {isa = PBXFileReference; lastKnownFileType = sourcecode.swift; path = Likes.swift; sourceTree = "<group>"; };
		466C70AD2743C07000054E16 /* Orders.swift */ = {isa = PBXFileReference; lastKnownFileType = sourcecode.swift; path = Orders.swift; sourceTree = "<group>"; };
		466C70AF2743C21400054E16 /* Bids.swift */ = {isa = PBXFileReference; lastKnownFileType = sourcecode.swift; path = Bids.swift; sourceTree = "<group>"; };
		466C70B12743C64200054E16 /* Assets.swift */ = {isa = PBXFileReference; lastKnownFileType = sourcecode.swift; path = Assets.swift; sourceTree = "<group>"; };
		466C70B32743C87E00054E16 /* CustomerBrain.swift */ = {isa = PBXFileReference; lastKnownFileType = sourcecode.swift; path = CustomerBrain.swift; sourceTree = "<group>"; };
		466C70B52743C92A00054E16 /* AccountBrain.swift */ = {isa = PBXFileReference; lastKnownFileType = sourcecode.swift; path = AccountBrain.swift; sourceTree = "<group>"; };
		466C70B72743CABE00054E16 /* PaymentBrain.swift */ = {isa = PBXFileReference; lastKnownFileType = sourcecode.swift; path = PaymentBrain.swift; sourceTree = "<group>"; };
		466C70B92743CBCA00054E16 /* FavoritesBrain.swift */ = {isa = PBXFileReference; lastKnownFileType = sourcecode.swift; path = FavoritesBrain.swift; sourceTree = "<group>"; };
		466C70BB2743CC6F00054E16 /* LikeBrain.swift */ = {isa = PBXFileReference; lastKnownFileType = sourcecode.swift; path = LikeBrain.swift; sourceTree = "<group>"; };
		466C70BD2743CCE100054E16 /* FollowerBrain.swift */ = {isa = PBXFileReference; lastKnownFileType = sourcecode.swift; path = FollowerBrain.swift; sourceTree = "<group>"; };
		466C70BF2743CD6E00054E16 /* OrdersBrain.swift */ = {isa = PBXFileReference; lastKnownFileType = sourcecode.swift; path = OrdersBrain.swift; sourceTree = "<group>"; };
		466C70C12743CE3000054E16 /* BidsBrain.swift */ = {isa = PBXFileReference; lastKnownFileType = sourcecode.swift; path = BidsBrain.swift; sourceTree = "<group>"; };
		466C70C32743CE9900054E16 /* AssetsBrain.swift */ = {isa = PBXFileReference; lastKnownFileType = sourcecode.swift; path = AssetsBrain.swift; sourceTree = "<group>"; };
		4671BA2427437D2000604D1D /* uploadItemViewController.swift */ = {isa = PBXFileReference; lastKnownFileType = sourcecode.swift; path = uploadItemViewController.swift; sourceTree = "<group>"; };
		4671BA272743896800604D1D /* addItemViewController.swift */ = {isa = PBXFileReference; lastKnownFileType = sourcecode.swift; path = addItemViewController.swift; sourceTree = "<group>"; };
		4671BA2927438EAB00604D1D /* previewUploadedItemViewController.swift */ = {isa = PBXFileReference; lastKnownFileType = sourcecode.swift; path = previewUploadedItemViewController.swift; sourceTree = "<group>"; };
		46932A4F277ACFE100E19ED1 /* MintResponse.swift */ = {isa = PBXFileReference; lastKnownFileType = sourcecode.swift; path = MintResponse.swift; sourceTree = "<group>"; };
		46932A51277B291F00E19ED1 /* MarketSaleResponse.swift */ = {isa = PBXFileReference; lastKnownFileType = sourcecode.swift; path = MarketSaleResponse.swift; sourceTree = "<group>"; };
		46932A53277B4C5E00E19ED1 /* Balance.swift */ = {isa = PBXFileReference; lastKnownFileType = sourcecode.swift; path = Balance.swift; sourceTree = "<group>"; };
		46C8E853275632D30042BFA7 /* ApiViewController.swift */ = {isa = PBXFileReference; lastKnownFileType = sourcecode.swift; path = ApiViewController.swift; sourceTree = "<group>"; };
		46D9B29B277C8BDA00644C69 /* Meta.swift */ = {isa = PBXFileReference; lastKnownFileType = sourcecode.swift; path = Meta.swift; sourceTree = "<group>"; };
		46DC966A274B14BD00ECB59C /* SignUpViewController.swift */ = {isa = PBXFileReference; lastKnownFileType = sourcecode.swift; path = SignUpViewController.swift; sourceTree = "<group>"; };
		46F1CFF0275F32FB001D552E /* nft.entitlements */ = {isa = PBXFileReference; lastKnownFileType = text.plist.entitlements; path = nft.entitlements; sourceTree = "<group>"; };
		46F1CFF1275F32FB001D552E /* HealthKit.framework */ = {isa = PBXFileReference; lastKnownFileType = wrapper.framework; name = HealthKit.framework; path = System/Library/Frameworks/HealthKit.framework; sourceTree = SDKROOT; };
		4F1F5D342731393C005F0177 /* nft.app */ = {isa = PBXFileReference; explicitFileType = wrapper.application; includeInIndex = 0; path = nft.app; sourceTree = BUILT_PRODUCTS_DIR; };
		4F1F5D372731393C005F0177 /* AppDelegate.swift */ = {isa = PBXFileReference; lastKnownFileType = sourcecode.swift; path = AppDelegate.swift; sourceTree = "<group>"; };
		4F1F5D392731393C005F0177 /* SceneDelegate.swift */ = {isa = PBXFileReference; lastKnownFileType = sourcecode.swift; path = SceneDelegate.swift; sourceTree = "<group>"; };
		4F1F5D3B2731393C005F0177 /* ViewController.swift */ = {isa = PBXFileReference; lastKnownFileType = sourcecode.swift; path = ViewController.swift; sourceTree = "<group>"; };
		4F1F5D3E2731393C005F0177 /* Base */ = {isa = PBXFileReference; lastKnownFileType = file.storyboard; name = Base; path = Base.lproj/Main.storyboard; sourceTree = "<group>"; };
		4F1F5D412731393C005F0177 /* nft.xcdatamodel */ = {isa = PBXFileReference; lastKnownFileType = wrapper.xcdatamodel; path = nft.xcdatamodel; sourceTree = "<group>"; };
		4F1F5D432731393D005F0177 /* Assets.xcassets */ = {isa = PBXFileReference; lastKnownFileType = folder.assetcatalog; path = Assets.xcassets; sourceTree = "<group>"; };
		4F1F5D462731393D005F0177 /* Base */ = {isa = PBXFileReference; lastKnownFileType = file.storyboard; name = Base; path = Base.lproj/LaunchScreen.storyboard; sourceTree = "<group>"; };
		4F1F5D482731393D005F0177 /* Info.plist */ = {isa = PBXFileReference; lastKnownFileType = text.plist.xml; path = Info.plist; sourceTree = "<group>"; };
		4F1F5D4D2731393D005F0177 /* nftTests.xctest */ = {isa = PBXFileReference; explicitFileType = wrapper.cfbundle; includeInIndex = 0; path = nftTests.xctest; sourceTree = BUILT_PRODUCTS_DIR; };
		4F1F5D512731393D005F0177 /* nftTests.swift */ = {isa = PBXFileReference; lastKnownFileType = sourcecode.swift; path = nftTests.swift; sourceTree = "<group>"; };
		4F1F5D572731393D005F0177 /* nftUITests.xctest */ = {isa = PBXFileReference; explicitFileType = wrapper.cfbundle; includeInIndex = 0; path = nftUITests.xctest; sourceTree = BUILT_PRODUCTS_DIR; };
		4F1F5D5B2731393D005F0177 /* nftUITests.swift */ = {isa = PBXFileReference; lastKnownFileType = sourcecode.swift; path = nftUITests.swift; sourceTree = "<group>"; };
		4F1F5D5D2731393D005F0177 /* nftUITestsLaunchTests.swift */ = {isa = PBXFileReference; lastKnownFileType = sourcecode.swift; path = nftUITestsLaunchTests.swift; sourceTree = "<group>"; };
		5AA5851836318A60DD666CD5 /* Pods-nft-nftUITests.debug.xcconfig */ = {isa = PBXFileReference; includeInIndex = 1; lastKnownFileType = text.xcconfig; name = "Pods-nft-nftUITests.debug.xcconfig"; path = "Target Support Files/Pods-nft-nftUITests/Pods-nft-nftUITests.debug.xcconfig"; sourceTree = "<group>"; };
		5EEA791FC0763BD6F51F4EC7 /* Pods-nftTests.release.xcconfig */ = {isa = PBXFileReference; includeInIndex = 1; lastKnownFileType = text.xcconfig; name = "Pods-nftTests.release.xcconfig"; path = "Target Support Files/Pods-nftTests/Pods-nftTests.release.xcconfig"; sourceTree = "<group>"; };
		646278BAC6C47E46C4B99245 /* Pods_nft.framework */ = {isa = PBXFileReference; explicitFileType = wrapper.framework; includeInIndex = 0; path = Pods_nft.framework; sourceTree = BUILT_PRODUCTS_DIR; };
		A87A6D96896307DF7B9401FF /* Pods-nft.debug.xcconfig */ = {isa = PBXFileReference; includeInIndex = 1; lastKnownFileType = text.xcconfig; name = "Pods-nft.debug.xcconfig"; path = "Target Support Files/Pods-nft/Pods-nft.debug.xcconfig"; sourceTree = "<group>"; };
		C479870B9C59984D60BF5AE2 /* Pods-nftTests.debug.xcconfig */ = {isa = PBXFileReference; includeInIndex = 1; lastKnownFileType = text.xcconfig; name = "Pods-nftTests.debug.xcconfig"; path = "Target Support Files/Pods-nftTests/Pods-nftTests.debug.xcconfig"; sourceTree = "<group>"; };
		F94B11839A6D6BCC25091B2A /* Pods_nft_nftUITests.framework */ = {isa = PBXFileReference; explicitFileType = wrapper.framework; includeInIndex = 0; path = Pods_nft_nftUITests.framework; sourceTree = BUILT_PRODUCTS_DIR; };
/* End PBXFileReference section */

/* Begin PBXFrameworksBuildPhase section */
		4F1F5D312731393C005F0177 /* Frameworks */ = {
			isa = PBXFrameworksBuildPhase;
			buildActionMask = 2147483647;
			files = (
				3D7D74EB9A775815F371DFBB /* Pods_nft.framework in Frameworks */,
				46F1CFF2275F32FB001D552E /* HealthKit.framework in Frameworks */,
			);
			runOnlyForDeploymentPostprocessing = 0;
		};
		4F1F5D4A2731393D005F0177 /* Frameworks */ = {
			isa = PBXFrameworksBuildPhase;
			buildActionMask = 2147483647;
			files = (
				7B1C8CE74BA8D1A2CB46428E /* Pods_nftTests.framework in Frameworks */,
			);
			runOnlyForDeploymentPostprocessing = 0;
		};
		4F1F5D542731393D005F0177 /* Frameworks */ = {
			isa = PBXFrameworksBuildPhase;
			buildActionMask = 2147483647;
			files = (
				8D89EB654E9D58426546811B /* Pods_nft_nftUITests.framework in Frameworks */,
			);
			runOnlyForDeploymentPostprocessing = 0;
		};
/* End PBXFrameworksBuildPhase section */

/* Begin PBXGroup section */
		12DA18C8528AE45823EEC8DE /* Pods */ = {
			isa = PBXGroup;
			children = (
				A87A6D96896307DF7B9401FF /* Pods-nft.debug.xcconfig */,
				28699C2D44F180CE14DED147 /* Pods-nft.release.xcconfig */,
				5AA5851836318A60DD666CD5 /* Pods-nft-nftUITests.debug.xcconfig */,
				00AB621690D4B724F264244A /* Pods-nft-nftUITests.release.xcconfig */,
				C479870B9C59984D60BF5AE2 /* Pods-nftTests.debug.xcconfig */,
				5EEA791FC0763BD6F51F4EC7 /* Pods-nftTests.release.xcconfig */,
			);
			path = Pods;
			sourceTree = "<group>";
		};
		4671BA262743888C00604D1D /* viewModel */ = {
			isa = PBXGroup;
			children = (
				466C70B32743C87E00054E16 /* CustomerBrain.swift */,
				466C70B52743C92A00054E16 /* AccountBrain.swift */,
				466C70B72743CABE00054E16 /* PaymentBrain.swift */,
				466C70B92743CBCA00054E16 /* FavoritesBrain.swift */,
				466C70BD2743CCE100054E16 /* FollowerBrain.swift */,
				466C70BB2743CC6F00054E16 /* LikeBrain.swift */,
				466C70BF2743CD6E00054E16 /* OrdersBrain.swift */,
				466C70C12743CE3000054E16 /* BidsBrain.swift */,
				466C70C32743CE9900054E16 /* AssetsBrain.swift */,
				461AF54A275B3498006D4563 /* Networking .swift */,
			);
			path = viewModel;
			sourceTree = "<group>";
		};
		4698AB2B273A85B700E177F8 /* View */ = {
			isa = PBXGroup;
			children = (
				4F1F5D3D2731393C005F0177 /* Main.storyboard */,
				4671BA2427437D2000604D1D /* uploadItemViewController.swift */,
				4F1F5D3B2731393C005F0177 /* ViewController.swift */,
				4671BA272743896800604D1D /* addItemViewController.swift */,
				4671BA2927438EAB00604D1D /* previewUploadedItemViewController.swift */,
				466C708A2743939200054E16 /* stepsToUploadViewController.swift */,
				466C708C274397BC00054E16 /* connectWalletViewController.swift */,
				466C708E2743997300054E16 /* scanQrViewController.swift */,
				466C709027439B0500054E16 /* termsViewController.swift */,
				466C709227439CC200054E16 /* faqViewController.swift */,
				466C709527439F4200054E16 /* visitProfileViewController.swift */,
				466C70972743A23500054E16 /* activityViewController.swift */,
				466C70992743A4D700054E16 /* searchViewController.swift */,
				466C709B2743A72100054E16 /* noResultsViewController.swift */,
				466C709D2743A9B300054E16 /* notificationClickedViewController.swift */,
				46DC966A274B14BD00ECB59C /* SignUpViewController.swift */,
				46072994274C8F89001C1BC3 /* EditProfileViewController.swift */,
				46297661275442AF00535877 /* SignInViewController.swift */,
				46C8E853275632D30042BFA7 /* ApiViewController.swift */,
				4615CECB277756D50024ACA6 /* MarketSaleViewController.swift */,
			);
			path = View;
			sourceTree = "<group>";
		};
		4698AB2E273A867100E177F8 /* Model */ = {
			isa = PBXGroup;
			children = (
				466C709F2743B3BF00054E16 /* Customer.swift */,
				466C70A12743B82000054E16 /* Account.swift */,
				466C70A32743BC0300054E16 /* Payment.swift */,
				466C70A52743BD7800054E16 /* Favorites.swift */,
				466C70A72743BE7B00054E16 /* Followers.swift */,
				466C70A92743BF0400054E16 /* Likes.swift */,
				466C70AD2743C07000054E16 /* Orders.swift */,
				466C70AF2743C21400054E16 /* Bids.swift */,
				466C70B12743C64200054E16 /* Assets.swift */,
				46932A4F277ACFE100E19ED1 /* MintResponse.swift */,
				46932A51277B291F00E19ED1 /* MarketSaleResponse.swift */,
				46932A53277B4C5E00E19ED1 /* Balance.swift */,
				46D9B29B277C8BDA00644C69 /* Meta.swift */,
			);
			path = Model;
			sourceTree = "<group>";
		};
		4F1F5D2B2731393C005F0177 = {
			isa = PBXGroup;
			children = (
				4F1F5D362731393C005F0177 /* nft */,
				4F1F5D502731393D005F0177 /* nftTests */,
				4F1F5D5A2731393D005F0177 /* nftUITests */,
				4F1F5D352731393C005F0177 /* Products */,
				12DA18C8528AE45823EEC8DE /* Pods */,
				83869C57BB368BAAA918D825 /* Frameworks */,
			);
			sourceTree = "<group>";
		};
		4F1F5D352731393C005F0177 /* Products */ = {
			isa = PBXGroup;
			children = (
				4F1F5D342731393C005F0177 /* nft.app */,
				4F1F5D4D2731393D005F0177 /* nftTests.xctest */,
				4F1F5D572731393D005F0177 /* nftUITests.xctest */,
			);
			name = Products;
			sourceTree = "<group>";
		};
		4F1F5D362731393C005F0177 /* nft */ = {
			isa = PBXGroup;
			children = (
				46F1CFF0275F32FB001D552E /* nft.entitlements */,
				4F1F5D372731393C005F0177 /* AppDelegate.swift */,
				4F1F5D392731393C005F0177 /* SceneDelegate.swift */,
				4698AB2E273A867100E177F8 /* Model */,
				4698AB2B273A85B700E177F8 /* View */,
				4671BA262743888C00604D1D /* viewModel */,
				4F1F5D452731393D005F0177 /* LaunchScreen.storyboard */,
				4F1F5D432731393D005F0177 /* Assets.xcassets */,
				4F1F5D482731393D005F0177 /* Info.plist */,
				4F1F5D402731393C005F0177 /* nft.xcdatamodeld */,
			);
			path = nft;
			sourceTree = "<group>";
		};
		4F1F5D502731393D005F0177 /* nftTests */ = {
			isa = PBXGroup;
			children = (
				4F1F5D512731393D005F0177 /* nftTests.swift */,
			);
			path = nftTests;
			sourceTree = "<group>";
		};
		4F1F5D5A2731393D005F0177 /* nftUITests */ = {
			isa = PBXGroup;
			children = (
				4F1F5D5B2731393D005F0177 /* nftUITests.swift */,
				4F1F5D5D2731393D005F0177 /* nftUITestsLaunchTests.swift */,
			);
			path = nftUITests;
			sourceTree = "<group>";
		};
		83869C57BB368BAAA918D825 /* Frameworks */ = {
			isa = PBXGroup;
			children = (
				46F1CFF1275F32FB001D552E /* HealthKit.framework */,
				646278BAC6C47E46C4B99245 /* Pods_nft.framework */,
				F94B11839A6D6BCC25091B2A /* Pods_nft_nftUITests.framework */,
				350B27B1E271726BFAA18A62 /* Pods_nftTests.framework */,
			);
			name = Frameworks;
			sourceTree = "<group>";
		};
/* End PBXGroup section */

/* Begin PBXNativeTarget section */
		4F1F5D332731393C005F0177 /* nft */ = {
			isa = PBXNativeTarget;
			buildConfigurationList = 4F1F5D612731393D005F0177 /* Build configuration list for PBXNativeTarget "nft" */;
			buildPhases = (
				55FBA679BACB560EEC014D95 /* [CP] Check Pods Manifest.lock */,
				4F1F5D302731393C005F0177 /* Sources */,
				4F1F5D312731393C005F0177 /* Frameworks */,
				4F1F5D322731393C005F0177 /* Resources */,
				5FDBFFD99A9D6134B8DE09BF /* [CP] Embed Pods Frameworks */,
			);
			buildRules = (
			);
			dependencies = (
			);
			name = nft;
			productName = nft;
			productReference = 4F1F5D342731393C005F0177 /* nft.app */;
			productType = "com.apple.product-type.application";
		};
		4F1F5D4C2731393D005F0177 /* nftTests */ = {
			isa = PBXNativeTarget;
			buildConfigurationList = 4F1F5D642731393D005F0177 /* Build configuration list for PBXNativeTarget "nftTests" */;
			buildPhases = (
				93CF77D16B85E2C84C96990E /* [CP] Check Pods Manifest.lock */,
				4F1F5D492731393D005F0177 /* Sources */,
				4F1F5D4A2731393D005F0177 /* Frameworks */,
				4F1F5D4B2731393D005F0177 /* Resources */,
			);
			buildRules = (
			);
			dependencies = (
				4F1F5D4F2731393D005F0177 /* PBXTargetDependency */,
			);
			name = nftTests;
			productName = nftTests;
			productReference = 4F1F5D4D2731393D005F0177 /* nftTests.xctest */;
			productType = "com.apple.product-type.bundle.unit-test";
		};
		4F1F5D562731393D005F0177 /* nftUITests */ = {
			isa = PBXNativeTarget;
			buildConfigurationList = 4F1F5D672731393D005F0177 /* Build configuration list for PBXNativeTarget "nftUITests" */;
			buildPhases = (
				1ECF7BEE8DD13268CCB5C84D /* [CP] Check Pods Manifest.lock */,
				4F1F5D532731393D005F0177 /* Sources */,
				4F1F5D542731393D005F0177 /* Frameworks */,
				4F1F5D552731393D005F0177 /* Resources */,
				FB21F2A35E41798E92A8E509 /* [CP] Embed Pods Frameworks */,
			);
			buildRules = (
			);
			dependencies = (
				4F1F5D592731393D005F0177 /* PBXTargetDependency */,
			);
			name = nftUITests;
			productName = nftUITests;
			productReference = 4F1F5D572731393D005F0177 /* nftUITests.xctest */;
			productType = "com.apple.product-type.bundle.ui-testing";
		};
/* End PBXNativeTarget section */

/* Begin PBXProject section */
		4F1F5D2C2731393C005F0177 /* Project object */ = {
			isa = PBXProject;
			attributes = {
				BuildIndependentTargetsInParallel = 1;
				LastSwiftUpdateCheck = 1300;
				LastUpgradeCheck = 1300;
				TargetAttributes = {
					4F1F5D332731393C005F0177 = {
						CreatedOnToolsVersion = 13.0;
					};
					4F1F5D4C2731393D005F0177 = {
						CreatedOnToolsVersion = 13.0;
						TestTargetID = 4F1F5D332731393C005F0177;
					};
					4F1F5D562731393D005F0177 = {
						CreatedOnToolsVersion = 13.0;
						TestTargetID = 4F1F5D332731393C005F0177;
					};
				};
			};
			buildConfigurationList = 4F1F5D2F2731393C005F0177 /* Build configuration list for PBXProject "nft" */;
			compatibilityVersion = "Xcode 13.0";
			developmentRegion = en;
			hasScannedForEncodings = 0;
			knownRegions = (
				en,
				Base,
			);
			mainGroup = 4F1F5D2B2731393C005F0177;
			productRefGroup = 4F1F5D352731393C005F0177 /* Products */;
			projectDirPath = "";
			projectRoot = "";
			targets = (
				4F1F5D332731393C005F0177 /* nft */,
				4F1F5D4C2731393D005F0177 /* nftTests */,
				4F1F5D562731393D005F0177 /* nftUITests */,
			);
		};
/* End PBXProject section */

/* Begin PBXResourcesBuildPhase section */
		4F1F5D322731393C005F0177 /* Resources */ = {
			isa = PBXResourcesBuildPhase;
			buildActionMask = 2147483647;
			files = (
				4F1F5D472731393D005F0177 /* LaunchScreen.storyboard in Resources */,
				4F1F5D442731393D005F0177 /* Assets.xcassets in Resources */,
				4F1F5D3F2731393C005F0177 /* Main.storyboard in Resources */,
			);
			runOnlyForDeploymentPostprocessing = 0;
		};
		4F1F5D4B2731393D005F0177 /* Resources */ = {
			isa = PBXResourcesBuildPhase;
			buildActionMask = 2147483647;
			files = (
			);
			runOnlyForDeploymentPostprocessing = 0;
		};
		4F1F5D552731393D005F0177 /* Resources */ = {
			isa = PBXResourcesBuildPhase;
			buildActionMask = 2147483647;
			files = (
			);
			runOnlyForDeploymentPostprocessing = 0;
		};
/* End PBXResourcesBuildPhase section */

/* Begin PBXShellScriptBuildPhase section */
		1ECF7BEE8DD13268CCB5C84D /* [CP] Check Pods Manifest.lock */ = {
			isa = PBXShellScriptBuildPhase;
			buildActionMask = 2147483647;
			files = (
			);
			inputFileListPaths = (
			);
			inputPaths = (
				"${PODS_PODFILE_DIR_PATH}/Podfile.lock",
				"${PODS_ROOT}/Manifest.lock",
			);
			name = "[CP] Check Pods Manifest.lock";
			outputFileListPaths = (
			);
			outputPaths = (
				"$(DERIVED_FILE_DIR)/Pods-nft-nftUITests-checkManifestLockResult.txt",
			);
			runOnlyForDeploymentPostprocessing = 0;
			shellPath = /bin/sh;
			shellScript = "diff \"${PODS_PODFILE_DIR_PATH}/Podfile.lock\" \"${PODS_ROOT}/Manifest.lock\" > /dev/null\nif [ $? != 0 ] ; then\n    # print error to STDERR\n    echo \"error: The sandbox is not in sync with the Podfile.lock. Run 'pod install' or update your CocoaPods installation.\" >&2\n    exit 1\nfi\n# This output is used by Xcode 'outputs' to avoid re-running this script phase.\necho \"SUCCESS\" > \"${SCRIPT_OUTPUT_FILE_0}\"\n";
			showEnvVarsInLog = 0;
		};
		55FBA679BACB560EEC014D95 /* [CP] Check Pods Manifest.lock */ = {
			isa = PBXShellScriptBuildPhase;
			buildActionMask = 2147483647;
			files = (
			);
			inputFileListPaths = (
			);
			inputPaths = (
				"${PODS_PODFILE_DIR_PATH}/Podfile.lock",
				"${PODS_ROOT}/Manifest.lock",
			);
			name = "[CP] Check Pods Manifest.lock";
			outputFileListPaths = (
			);
			outputPaths = (
				"$(DERIVED_FILE_DIR)/Pods-nft-checkManifestLockResult.txt",
			);
			runOnlyForDeploymentPostprocessing = 0;
			shellPath = /bin/sh;
			shellScript = "diff \"${PODS_PODFILE_DIR_PATH}/Podfile.lock\" \"${PODS_ROOT}/Manifest.lock\" > /dev/null\nif [ $? != 0 ] ; then\n    # print error to STDERR\n    echo \"error: The sandbox is not in sync with the Podfile.lock. Run 'pod install' or update your CocoaPods installation.\" >&2\n    exit 1\nfi\n# This output is used by Xcode 'outputs' to avoid re-running this script phase.\necho \"SUCCESS\" > \"${SCRIPT_OUTPUT_FILE_0}\"\n";
			showEnvVarsInLog = 0;
		};
		5FDBFFD99A9D6134B8DE09BF /* [CP] Embed Pods Frameworks */ = {
			isa = PBXShellScriptBuildPhase;
			buildActionMask = 2147483647;
			files = (
			);
			inputFileListPaths = (
				"${PODS_ROOT}/Target Support Files/Pods-nft/Pods-nft-frameworks-${CONFIGURATION}-input-files.xcfilelist",
			);
			name = "[CP] Embed Pods Frameworks";
			outputFileListPaths = (
				"${PODS_ROOT}/Target Support Files/Pods-nft/Pods-nft-frameworks-${CONFIGURATION}-output-files.xcfilelist",
			);
			runOnlyForDeploymentPostprocessing = 0;
			shellPath = /bin/sh;
			shellScript = "\"${PODS_ROOT}/Target Support Files/Pods-nft/Pods-nft-frameworks.sh\"\n";
			showEnvVarsInLog = 0;
		};
		93CF77D16B85E2C84C96990E /* [CP] Check Pods Manifest.lock */ = {
			isa = PBXShellScriptBuildPhase;
			buildActionMask = 2147483647;
			files = (
			);
			inputFileListPaths = (
			);
			inputPaths = (
				"${PODS_PODFILE_DIR_PATH}/Podfile.lock",
				"${PODS_ROOT}/Manifest.lock",
			);
			name = "[CP] Check Pods Manifest.lock";
			outputFileListPaths = (
			);
			outputPaths = (
				"$(DERIVED_FILE_DIR)/Pods-nftTests-checkManifestLockResult.txt",
			);
			runOnlyForDeploymentPostprocessing = 0;
			shellPath = /bin/sh;
			shellScript = "diff \"${PODS_PODFILE_DIR_PATH}/Podfile.lock\" \"${PODS_ROOT}/Manifest.lock\" > /dev/null\nif [ $? != 0 ] ; then\n    # print error to STDERR\n    echo \"error: The sandbox is not in sync with the Podfile.lock. Run 'pod install' or update your CocoaPods installation.\" >&2\n    exit 1\nfi\n# This output is used by Xcode 'outputs' to avoid re-running this script phase.\necho \"SUCCESS\" > \"${SCRIPT_OUTPUT_FILE_0}\"\n";
			showEnvVarsInLog = 0;
		};
		FB21F2A35E41798E92A8E509 /* [CP] Embed Pods Frameworks */ = {
			isa = PBXShellScriptBuildPhase;
			buildActionMask = 2147483647;
			files = (
			);
			inputFileListPaths = (
				"${PODS_ROOT}/Target Support Files/Pods-nft-nftUITests/Pods-nft-nftUITests-frameworks-${CONFIGURATION}-input-files.xcfilelist",
			);
			name = "[CP] Embed Pods Frameworks";
			outputFileListPaths = (
				"${PODS_ROOT}/Target Support Files/Pods-nft-nftUITests/Pods-nft-nftUITests-frameworks-${CONFIGURATION}-output-files.xcfilelist",
			);
			runOnlyForDeploymentPostprocessing = 0;
			shellPath = /bin/sh;
			shellScript = "\"${PODS_ROOT}/Target Support Files/Pods-nft-nftUITests/Pods-nft-nftUITests-frameworks.sh\"\n";
			showEnvVarsInLog = 0;
		};
/* End PBXShellScriptBuildPhase section */

/* Begin PBXSourcesBuildPhase section */
		4F1F5D302731393C005F0177 /* Sources */ = {
			isa = PBXSourcesBuildPhase;
			buildActionMask = 2147483647;
			files = (
				466C70C22743CE3000054E16 /* BidsBrain.swift in Sources */,
				4F1F5D422731393C005F0177 /* nft.xcdatamodeld in Sources */,
				466C70982743A23500054E16 /* activityViewController.swift in Sources */,
				466C70B02743C21400054E16 /* Bids.swift in Sources */,
				461AF54B275B3498006D4563 /* Networking .swift in Sources */,
				466C709327439CC200054E16 /* faqViewController.swift in Sources */,
				466C70BE2743CCE100054E16 /* FollowerBrain.swift in Sources */,
				4615CECC277756D50024ACA6 /* MarketSaleViewController.swift in Sources */,
				46D9B29C277C8BDA00644C69 /* Meta.swift in Sources */,
				46DC966B274B14BD00ECB59C /* SignUpViewController.swift in Sources */,
				4671BA2A27438EAB00604D1D /* previewUploadedItemViewController.swift in Sources */,
				466C709127439B0500054E16 /* termsViewController.swift in Sources */,
				4671BA282743896800604D1D /* addItemViewController.swift in Sources */,
				466C70AE2743C07000054E16 /* Orders.swift in Sources */,
				466C70B22743C64200054E16 /* Assets.swift in Sources */,
				466C709C2743A72100054E16 /* noResultsViewController.swift in Sources */,
				466C70BC2743CC6F00054E16 /* LikeBrain.swift in Sources */,
				4F1F5D3C2731393C005F0177 /* ViewController.swift in Sources */,
				466C70C42743CE9900054E16 /* AssetsBrain.swift in Sources */,
				46932A54277B4C5E00E19ED1 /* Balance.swift in Sources */,
				46C8E854275632D30042BFA7 /* ApiViewController.swift in Sources */,
				466C709627439F4200054E16 /* visitProfileViewController.swift in Sources */,
				4671BA2527437D2000604D1D /* uploadItemViewController.swift in Sources */,
				466C709E2743A9B300054E16 /* notificationClickedViewController.swift in Sources */,
				466C70A82743BE7B00054E16 /* Followers.swift in Sources */,
				4F1F5D382731393C005F0177 /* AppDelegate.swift in Sources */,
				466C708D274397BC00054E16 /* connectWalletViewController.swift in Sources */,
				466C70B82743CABE00054E16 /* PaymentBrain.swift in Sources */,
				466C709A2743A4D700054E16 /* searchViewController.swift in Sources */,
				466C70B62743C92A00054E16 /* AccountBrain.swift in Sources */,
				466C70A42743BC0300054E16 /* Payment.swift in Sources */,
				466C708B2743939200054E16 /* stepsToUploadViewController.swift in Sources */,
				466C70AA2743BF0400054E16 /* Likes.swift in Sources */,
				46297662275442AF00535877 /* SignInViewController.swift in Sources */,
				46072995274C8F89001C1BC3 /* EditProfileViewController.swift in Sources */,
				466C70A02743B3BF00054E16 /* Customer.swift in Sources */,
				46932A50277ACFE100E19ED1 /* MintResponse.swift in Sources */,
				466C70B42743C87E00054E16 /* CustomerBrain.swift in Sources */,
				466C70C02743CD6E00054E16 /* OrdersBrain.swift in Sources */,
				466C708F2743997300054E16 /* scanQrViewController.swift in Sources */,
				46932A52277B291F00E19ED1 /* MarketSaleResponse.swift in Sources */,
				466C70A62743BD7800054E16 /* Favorites.swift in Sources */,
				466C70A22743B82000054E16 /* Account.swift in Sources */,
				466C70BA2743CBCA00054E16 /* FavoritesBrain.swift in Sources */,
				4F1F5D3A2731393C005F0177 /* SceneDelegate.swift in Sources */,
			);
			runOnlyForDeploymentPostprocessing = 0;
		};
		4F1F5D492731393D005F0177 /* Sources */ = {
			isa = PBXSourcesBuildPhase;
			buildActionMask = 2147483647;
			files = (
				4F1F5D522731393D005F0177 /* nftTests.swift in Sources */,
			);
			runOnlyForDeploymentPostprocessing = 0;
		};
		4F1F5D532731393D005F0177 /* Sources */ = {
			isa = PBXSourcesBuildPhase;
			buildActionMask = 2147483647;
			files = (
				4F1F5D5C2731393D005F0177 /* nftUITests.swift in Sources */,
				4F1F5D5E2731393D005F0177 /* nftUITestsLaunchTests.swift in Sources */,
			);
			runOnlyForDeploymentPostprocessing = 0;
		};
/* End PBXSourcesBuildPhase section */

/* Begin PBXTargetDependency section */
		4F1F5D4F2731393D005F0177 /* PBXTargetDependency */ = {
			isa = PBXTargetDependency;
			target = 4F1F5D332731393C005F0177 /* nft */;
			targetProxy = 4F1F5D4E2731393D005F0177 /* PBXContainerItemProxy */;
		};
		4F1F5D592731393D005F0177 /* PBXTargetDependency */ = {
			isa = PBXTargetDependency;
			target = 4F1F5D332731393C005F0177 /* nft */;
			targetProxy = 4F1F5D582731393D005F0177 /* PBXContainerItemProxy */;
		};
/* End PBXTargetDependency section */

/* Begin PBXVariantGroup section */
		4F1F5D3D2731393C005F0177 /* Main.storyboard */ = {
			isa = PBXVariantGroup;
			children = (
				4F1F5D3E2731393C005F0177 /* Base */,
			);
			name = Main.storyboard;
			sourceTree = "<group>";
		};
		4F1F5D452731393D005F0177 /* LaunchScreen.storyboard */ = {
			isa = PBXVariantGroup;
			children = (
				4F1F5D462731393D005F0177 /* Base */,
			);
			name = LaunchScreen.storyboard;
			sourceTree = "<group>";
		};
/* End PBXVariantGroup section */

/* Begin XCBuildConfiguration section */
		4F1F5D5F2731393D005F0177 /* Debug */ = {
			isa = XCBuildConfiguration;
			buildSettings = {
				ALWAYS_SEARCH_USER_PATHS = NO;
				ARCHS = "$(ARCHS_STANDARD)";
				CLANG_ANALYZER_NONNULL = YES;
				CLANG_ANALYZER_NUMBER_OBJECT_CONVERSION = YES_AGGRESSIVE;
				CLANG_CXX_LANGUAGE_STANDARD = "gnu++17";
				CLANG_CXX_LIBRARY = "libc++";
				CLANG_ENABLE_MODULES = YES;
				CLANG_ENABLE_OBJC_ARC = YES;
				CLANG_ENABLE_OBJC_WEAK = YES;
				CLANG_WARN_BLOCK_CAPTURE_AUTORELEASING = YES;
				CLANG_WARN_BOOL_CONVERSION = YES;
				CLANG_WARN_COMMA = YES;
				CLANG_WARN_CONSTANT_CONVERSION = YES;
				CLANG_WARN_DEPRECATED_OBJC_IMPLEMENTATIONS = YES;
				CLANG_WARN_DIRECT_OBJC_ISA_USAGE = YES_ERROR;
				CLANG_WARN_DOCUMENTATION_COMMENTS = YES;
				CLANG_WARN_EMPTY_BODY = YES;
				CLANG_WARN_ENUM_CONVERSION = YES;
				CLANG_WARN_INFINITE_RECURSION = YES;
				CLANG_WARN_INT_CONVERSION = YES;
				CLANG_WARN_NON_LITERAL_NULL_CONVERSION = YES;
				CLANG_WARN_OBJC_IMPLICIT_RETAIN_SELF = YES;
				CLANG_WARN_OBJC_LITERAL_CONVERSION = YES;
				CLANG_WARN_OBJC_ROOT_CLASS = YES_ERROR;
				CLANG_WARN_QUOTED_INCLUDE_IN_FRAMEWORK_HEADER = YES;
				CLANG_WARN_RANGE_LOOP_ANALYSIS = YES;
				CLANG_WARN_STRICT_PROTOTYPES = YES;
				CLANG_WARN_SUSPICIOUS_MOVE = YES;
				CLANG_WARN_UNGUARDED_AVAILABILITY = YES_AGGRESSIVE;
				CLANG_WARN_UNREACHABLE_CODE = YES;
				CLANG_WARN__DUPLICATE_METHOD_MATCH = YES;
				COPY_PHASE_STRIP = NO;
				DEBUG_INFORMATION_FORMAT = dwarf;
				ENABLE_STRICT_OBJC_MSGSEND = YES;
				ENABLE_TESTABILITY = YES;
				FRAMEWORK_SEARCH_PATHS = "";
				GCC_C_LANGUAGE_STANDARD = gnu11;
				GCC_DYNAMIC_NO_PIC = NO;
				GCC_NO_COMMON_BLOCKS = YES;
				GCC_OPTIMIZATION_LEVEL = 0;
				GCC_PREPROCESSOR_DEFINITIONS = (
					"DEBUG=1",
					"$(inherited)",
				);
				GCC_WARN_64_TO_32_BIT_CONVERSION = YES;
				GCC_WARN_ABOUT_RETURN_TYPE = YES_ERROR;
				GCC_WARN_UNDECLARED_SELECTOR = YES;
				GCC_WARN_UNINITIALIZED_AUTOS = YES_AGGRESSIVE;
				GCC_WARN_UNUSED_FUNCTION = YES;
				GCC_WARN_UNUSED_VARIABLE = YES;
				IPHONEOS_DEPLOYMENT_TARGET = 15.0;
				MTL_ENABLE_DEBUG_INFO = INCLUDE_SOURCE;
				MTL_FAST_MATH = YES;
				ONLY_ACTIVE_ARCH = YES;
				SDKROOT = iphoneos;
				SWIFT_ACTIVE_COMPILATION_CONDITIONS = DEBUG;
				SWIFT_OPTIMIZATION_LEVEL = "-Onone";
			};
			name = Debug;
		};
		4F1F5D602731393D005F0177 /* Release */ = {
			isa = XCBuildConfiguration;
			buildSettings = {
				ALWAYS_SEARCH_USER_PATHS = NO;
				ARCHS = "$(ARCHS_STANDARD)";
				CLANG_ANALYZER_NONNULL = YES;
				CLANG_ANALYZER_NUMBER_OBJECT_CONVERSION = YES_AGGRESSIVE;
				CLANG_CXX_LANGUAGE_STANDARD = "gnu++17";
				CLANG_CXX_LIBRARY = "libc++";
				CLANG_ENABLE_MODULES = YES;
				CLANG_ENABLE_OBJC_ARC = YES;
				CLANG_ENABLE_OBJC_WEAK = YES;
				CLANG_WARN_BLOCK_CAPTURE_AUTORELEASING = YES;
				CLANG_WARN_BOOL_CONVERSION = YES;
				CLANG_WARN_COMMA = YES;
				CLANG_WARN_CONSTANT_CONVERSION = YES;
				CLANG_WARN_DEPRECATED_OBJC_IMPLEMENTATIONS = YES;
				CLANG_WARN_DIRECT_OBJC_ISA_USAGE = YES_ERROR;
				CLANG_WARN_DOCUMENTATION_COMMENTS = YES;
				CLANG_WARN_EMPTY_BODY = YES;
				CLANG_WARN_ENUM_CONVERSION = YES;
				CLANG_WARN_INFINITE_RECURSION = YES;
				CLANG_WARN_INT_CONVERSION = YES;
				CLANG_WARN_NON_LITERAL_NULL_CONVERSION = YES;
				CLANG_WARN_OBJC_IMPLICIT_RETAIN_SELF = YES;
				CLANG_WARN_OBJC_LITERAL_CONVERSION = YES;
				CLANG_WARN_OBJC_ROOT_CLASS = YES_ERROR;
				CLANG_WARN_QUOTED_INCLUDE_IN_FRAMEWORK_HEADER = YES;
				CLANG_WARN_RANGE_LOOP_ANALYSIS = YES;
				CLANG_WARN_STRICT_PROTOTYPES = YES;
				CLANG_WARN_SUSPICIOUS_MOVE = YES;
				CLANG_WARN_UNGUARDED_AVAILABILITY = YES_AGGRESSIVE;
				CLANG_WARN_UNREACHABLE_CODE = YES;
				CLANG_WARN__DUPLICATE_METHOD_MATCH = YES;
				COPY_PHASE_STRIP = NO;
				DEBUG_INFORMATION_FORMAT = "dwarf-with-dsym";
				ENABLE_NS_ASSERTIONS = NO;
				ENABLE_STRICT_OBJC_MSGSEND = YES;
				FRAMEWORK_SEARCH_PATHS = "";
				GCC_C_LANGUAGE_STANDARD = gnu11;
				GCC_NO_COMMON_BLOCKS = YES;
				GCC_WARN_64_TO_32_BIT_CONVERSION = YES;
				GCC_WARN_ABOUT_RETURN_TYPE = YES_ERROR;
				GCC_WARN_UNDECLARED_SELECTOR = YES;
				GCC_WARN_UNINITIALIZED_AUTOS = YES_AGGRESSIVE;
				GCC_WARN_UNUSED_FUNCTION = YES;
				GCC_WARN_UNUSED_VARIABLE = YES;
				IPHONEOS_DEPLOYMENT_TARGET = 15.0;
				MTL_ENABLE_DEBUG_INFO = NO;
				MTL_FAST_MATH = YES;
				SDKROOT = iphoneos;
				SWIFT_COMPILATION_MODE = wholemodule;
				SWIFT_OPTIMIZATION_LEVEL = "-O";
				VALIDATE_PRODUCT = YES;
			};
			name = Release;
		};
		4F1F5D622731393D005F0177 /* Debug */ = {
			isa = XCBuildConfiguration;
			baseConfigurationReference = A87A6D96896307DF7B9401FF /* Pods-nft.debug.xcconfig */;
			buildSettings = {
				ASSETCATALOG_COMPILER_APPICON_NAME = AppIcon;
				ASSETCATALOG_COMPILER_GLOBAL_ACCENT_COLOR_NAME = AccentColor;
				CODE_SIGN_ENTITLEMENTS = nft/nft.entitlements;
				CODE_SIGN_STYLE = Automatic;
				CURRENT_PROJECT_VERSION = 1;
				DEVELOPMENT_TEAM = KDV3CN6XTH;
				FRAMEWORK_SEARCH_PATHS = (
					"$(inherited)",
					"\"${PODS_ROOT}/FBAEMKit/XCFrameworks\"/**",
					"\"${PODS_ROOT}/FBSDKCoreKit/XCFrameworks\"/**",
					"\"${PODS_ROOT}/FBSDKCoreKit_Basics/XCFrameworks\"/**",
					"\"${PODS_ROOT}/FBSDKLoginKit/XCFrameworks\"/**",
				);
				GENERATE_INFOPLIST_FILE = YES;
				HEADER_SEARCH_PATHS = "";
				INFOPLIST_FILE = nft/Info.plist;
				INFOPLIST_KEY_UIApplicationSupportsIndirectInputEvents = YES;
				INFOPLIST_KEY_UILaunchStoryboardName = LaunchScreen;
				INFOPLIST_KEY_UIMainStoryboardFile = Main;
				INFOPLIST_KEY_UISupportedInterfaceOrientations_iPad = "UIInterfaceOrientationPortrait UIInterfaceOrientationPortraitUpsideDown UIInterfaceOrientationLandscapeLeft UIInterfaceOrientationLandscapeRight";
				INFOPLIST_KEY_UISupportedInterfaceOrientations_iPhone = "UIInterfaceOrientationPortrait UIInterfaceOrientationLandscapeLeft UIInterfaceOrientationLandscapeRight";
				LD_RUNPATH_SEARCH_PATHS = (
					"$(inherited)",
					"@executable_path/Frameworks",
				);
				MARKETING_VERSION = 1.0;
				PRODUCT_BUNDLE_IDENTIFIER = "---.nft";
				PRODUCT_NAME = "$(TARGET_NAME)";
				SWIFT_EMIT_LOC_STRINGS = YES;
				SWIFT_VERSION = 5.0;
				TARGETED_DEVICE_FAMILY = "1,2";
			};
			name = Debug;
		};
		4F1F5D632731393D005F0177 /* Release */ = {
			isa = XCBuildConfiguration;
			baseConfigurationReference = 28699C2D44F180CE14DED147 /* Pods-nft.release.xcconfig */;
			buildSettings = {
				ASSETCATALOG_COMPILER_APPICON_NAME = AppIcon;
				ASSETCATALOG_COMPILER_GLOBAL_ACCENT_COLOR_NAME = AccentColor;
				CODE_SIGN_ENTITLEMENTS = nft/nft.entitlements;
				CODE_SIGN_STYLE = Automatic;
				CURRENT_PROJECT_VERSION = 1;
				DEVELOPMENT_TEAM = KDV3CN6XTH;
				FRAMEWORK_SEARCH_PATHS = (
					"$(inherited)",
					"\"${PODS_ROOT}/FBAEMKit/XCFrameworks\"/**",
					"\"${PODS_ROOT}/FBSDKCoreKit/XCFrameworks\"/**",
					"\"${PODS_ROOT}/FBSDKCoreKit_Basics/XCFrameworks\"/**",
					"\"${PODS_ROOT}/FBSDKLoginKit/XCFrameworks\"/**",
				);
				GENERATE_INFOPLIST_FILE = YES;
				HEADER_SEARCH_PATHS = "";
				INFOPLIST_FILE = nft/Info.plist;
				INFOPLIST_KEY_UIApplicationSupportsIndirectInputEvents = YES;
				INFOPLIST_KEY_UILaunchStoryboardName = LaunchScreen;
				INFOPLIST_KEY_UIMainStoryboardFile = Main;
				INFOPLIST_KEY_UISupportedInterfaceOrientations_iPad = "UIInterfaceOrientationPortrait UIInterfaceOrientationPortraitUpsideDown UIInterfaceOrientationLandscapeLeft UIInterfaceOrientationLandscapeRight";
				INFOPLIST_KEY_UISupportedInterfaceOrientations_iPhone = "UIInterfaceOrientationPortrait UIInterfaceOrientationLandscapeLeft UIInterfaceOrientationLandscapeRight";
				LD_RUNPATH_SEARCH_PATHS = (
					"$(inherited)",
					"@executable_path/Frameworks",
				);
				MARKETING_VERSION = 1.0;
				PRODUCT_BUNDLE_IDENTIFIER = "---.nft";
				PRODUCT_NAME = "$(TARGET_NAME)";
				SWIFT_EMIT_LOC_STRINGS = YES;
				SWIFT_VERSION = 5.0;
				TARGETED_DEVICE_FAMILY = "1,2";
			};
			name = Release;
		};
		4F1F5D652731393D005F0177 /* Debug */ = {
			isa = XCBuildConfiguration;
			baseConfigurationReference = C479870B9C59984D60BF5AE2 /* Pods-nftTests.debug.xcconfig */;
			buildSettings = {
				ALWAYS_EMBED_SWIFT_STANDARD_LIBRARIES = YES;
				BUNDLE_LOADER = "$(TEST_HOST)";
				CODE_SIGN_STYLE = Automatic;
				CURRENT_PROJECT_VERSION = 1;
				GENERATE_INFOPLIST_FILE = YES;
				IPHONEOS_DEPLOYMENT_TARGET = 15.0;
				LD_RUNPATH_SEARCH_PATHS = (
					"$(inherited)",
					"@executable_path/Frameworks",
					"@loader_path/Frameworks",
				);
				MARKETING_VERSION = 1.0;
				PRODUCT_BUNDLE_IDENTIFIER = "---.nftTests";
				PRODUCT_NAME = "$(TARGET_NAME)";
				SWIFT_EMIT_LOC_STRINGS = NO;
				SWIFT_VERSION = 5.0;
				TARGETED_DEVICE_FAMILY = "1,2";
				TEST_HOST = "$(BUILT_PRODUCTS_DIR)/nft.app/nft";
			};
			name = Debug;
		};
		4F1F5D662731393D005F0177 /* Release */ = {
			isa = XCBuildConfiguration;
			baseConfigurationReference = 5EEA791FC0763BD6F51F4EC7 /* Pods-nftTests.release.xcconfig */;
			buildSettings = {
				ALWAYS_EMBED_SWIFT_STANDARD_LIBRARIES = YES;
				BUNDLE_LOADER = "$(TEST_HOST)";
				CODE_SIGN_STYLE = Automatic;
				CURRENT_PROJECT_VERSION = 1;
				GENERATE_INFOPLIST_FILE = YES;
				IPHONEOS_DEPLOYMENT_TARGET = 15.0;
				LD_RUNPATH_SEARCH_PATHS = (
					"$(inherited)",
					"@executable_path/Frameworks",
					"@loader_path/Frameworks",
				);
				MARKETING_VERSION = 1.0;
				PRODUCT_BUNDLE_IDENTIFIER = "---.nftTests";
				PRODUCT_NAME = "$(TARGET_NAME)";
				SWIFT_EMIT_LOC_STRINGS = NO;
				SWIFT_VERSION = 5.0;
				TARGETED_DEVICE_FAMILY = "1,2";
				TEST_HOST = "$(BUILT_PRODUCTS_DIR)/nft.app/nft";
			};
			name = Release;
		};
		4F1F5D682731393D005F0177 /* Debug */ = {
			isa = XCBuildConfiguration;
			baseConfigurationReference = 5AA5851836318A60DD666CD5 /* Pods-nft-nftUITests.debug.xcconfig */;
			buildSettings = {
				ALWAYS_EMBED_SWIFT_STANDARD_LIBRARIES = YES;
				CODE_SIGN_STYLE = Automatic;
				CURRENT_PROJECT_VERSION = 1;
				GENERATE_INFOPLIST_FILE = YES;
				LD_RUNPATH_SEARCH_PATHS = (
					"$(inherited)",
					"@executable_path/Frameworks",
					"@loader_path/Frameworks",
				);
				MARKETING_VERSION = 1.0;
				PRODUCT_BUNDLE_IDENTIFIER = "---.nftUITests";
				PRODUCT_NAME = "$(TARGET_NAME)";
				SWIFT_EMIT_LOC_STRINGS = NO;
				SWIFT_VERSION = 5.0;
				TARGETED_DEVICE_FAMILY = "1,2";
				TEST_TARGET_NAME = nft;
			};
			name = Debug;
		};
		4F1F5D692731393D005F0177 /* Release */ = {
			isa = XCBuildConfiguration;
			baseConfigurationReference = 00AB621690D4B724F264244A /* Pods-nft-nftUITests.release.xcconfig */;
			buildSettings = {
				ALWAYS_EMBED_SWIFT_STANDARD_LIBRARIES = YES;
				CODE_SIGN_STYLE = Automatic;
				CURRENT_PROJECT_VERSION = 1;
				GENERATE_INFOPLIST_FILE = YES;
				LD_RUNPATH_SEARCH_PATHS = (
					"$(inherited)",
					"@executable_path/Frameworks",
					"@loader_path/Frameworks",
				);
				MARKETING_VERSION = 1.0;
				PRODUCT_BUNDLE_IDENTIFIER = "---.nftUITests";
				PRODUCT_NAME = "$(TARGET_NAME)";
				SWIFT_EMIT_LOC_STRINGS = NO;
				SWIFT_VERSION = 5.0;
				TARGETED_DEVICE_FAMILY = "1,2";
				TEST_TARGET_NAME = nft;
			};
			name = Release;
		};
/* End XCBuildConfiguration section */

/* Begin XCConfigurationList section */
		4F1F5D2F2731393C005F0177 /* Build configuration list for PBXProject "nft" */ = {
			isa = XCConfigurationList;
			buildConfigurations = (
				4F1F5D5F2731393D005F0177 /* Debug */,
				4F1F5D602731393D005F0177 /* Release */,
			);
			defaultConfigurationIsVisible = 0;
			defaultConfigurationName = Release;
		};
		4F1F5D612731393D005F0177 /* Build configuration list for PBXNativeTarget "nft" */ = {
			isa = XCConfigurationList;
			buildConfigurations = (
				4F1F5D622731393D005F0177 /* Debug */,
				4F1F5D632731393D005F0177 /* Release */,
			);
			defaultConfigurationIsVisible = 0;
			defaultConfigurationName = Release;
		};
		4F1F5D642731393D005F0177 /* Build configuration list for PBXNativeTarget "nftTests" */ = {
			isa = XCConfigurationList;
			buildConfigurations = (
				4F1F5D652731393D005F0177 /* Debug */,
				4F1F5D662731393D005F0177 /* Release */,
			);
			defaultConfigurationIsVisible = 0;
			defaultConfigurationName = Release;
		};
		4F1F5D672731393D005F0177 /* Build configuration list for PBXNativeTarget "nftUITests" */ = {
			isa = XCConfigurationList;
			buildConfigurations = (
				4F1F5D682731393D005F0177 /* Debug */,
				4F1F5D692731393D005F0177 /* Release */,
			);
			defaultConfigurationIsVisible = 0;
			defaultConfigurationName = Release;
		};
/* End XCConfigurationList section */

/* Begin XCVersionGroup section */
		4F1F5D402731393C005F0177 /* nft.xcdatamodeld */ = {
			isa = XCVersionGroup;
			children = (
				4F1F5D412731393C005F0177 /* nft.xcdatamodel */,
			);
			currentVersion = 4F1F5D412731393C005F0177 /* nft.xcdatamodel */;
			path = nft.xcdatamodeld;
			sourceTree = "<group>";
			versionGroupType = wrapper.xcdatamodel;
		};
/* End XCVersionGroup section */
	};
	rootObject = 4F1F5D2C2731393C005F0177 /* Project object */;
}
